// !$*UTF8*$!
{
	archiveVersion = 1;
	classes = {
	};
	objectVersion = 50;
	objects = {

/* Begin PBXBuildFile section */
		C21AD7D10A803F73A2520293 /* Pods_ParstagramUITests.framework in Frameworks */ = {isa = PBXBuildFile; fileRef = ED1CFDB9E4230F26DC5BE141 /* Pods_ParstagramUITests.framework */; };
		DB706BCB234E6C321BA0B3C0 /* Pods_ParstagramTests.framework in Frameworks */ = {isa = PBXBuildFile; fileRef = 3A97F90AB7E52B100D899D49 /* Pods_ParstagramTests.framework */; };
		DCCE4CFD29E7464BC780FEB4 /* Pods_Parstagram.framework in Frameworks */ = {isa = PBXBuildFile; fileRef = 2E9C96832AB88C515D4ABC50 /* Pods_Parstagram.framework */; };
		ED856381221BF04B0051C92A /* AppDelegate.swift in Sources */ = {isa = PBXBuildFile; fileRef = ED856380221BF04B0051C92A /* AppDelegate.swift */; };
		ED856386221BF04B0051C92A /* Main.storyboard in Resources */ = {isa = PBXBuildFile; fileRef = ED856384221BF04B0051C92A /* Main.storyboard */; };
		ED856388221BF04D0051C92A /* Assets.xcassets in Resources */ = {isa = PBXBuildFile; fileRef = ED856387221BF04D0051C92A /* Assets.xcassets */; };
		ED85638B221BF04D0051C92A /* LaunchScreen.storyboard in Resources */ = {isa = PBXBuildFile; fileRef = ED856389221BF04D0051C92A /* LaunchScreen.storyboard */; };
		ED856396221BF04D0051C92A /* ParstagramTests.swift in Sources */ = {isa = PBXBuildFile; fileRef = ED856395221BF04D0051C92A /* ParstagramTests.swift */; };
		ED8563A1221BF04D0051C92A /* ParstagramUITests.swift in Sources */ = {isa = PBXBuildFile; fileRef = ED8563A0221BF04D0051C92A /* ParstagramUITests.swift */; };
		ED8563AF2224A5E30051C92A /* LoginViewController.swift in Sources */ = {isa = PBXBuildFile; fileRef = ED8563AE2224A5E30051C92A /* LoginViewController.swift */; };
		ED8563B12224A5FC0051C92A /* FeedViewController.swift in Sources */ = {isa = PBXBuildFile; fileRef = ED8563B02224A5FC0051C92A /* FeedViewController.swift */; };
		ED8563B32224B75A0051C92A /* CameraViewController.swift in Sources */ = {isa = PBXBuildFile; fileRef = ED8563B22224B75A0051C92A /* CameraViewController.swift */; };
		ED8563B622250A5D0051C92A /* PostCell.swift in Sources */ = {isa = PBXBuildFile; fileRef = ED8563B522250A5D0051C92A /* PostCell.swift */; };
/* End PBXBuildFile section */

/* Begin PBXContainerItemProxy section */
		ED856392221BF04D0051C92A /* PBXContainerItemProxy */ = {
			isa = PBXContainerItemProxy;
			containerPortal = ED856375221BF04B0051C92A /* Project object */;
			proxyType = 1;
			remoteGlobalIDString = ED85637C221BF04B0051C92A;
			remoteInfo = Parstagram;
		};
		ED85639D221BF04D0051C92A /* PBXContainerItemProxy */ = {
			isa = PBXContainerItemProxy;
			containerPortal = ED856375221BF04B0051C92A /* Project object */;
			proxyType = 1;
			remoteGlobalIDString = ED85637C221BF04B0051C92A;
			remoteInfo = Parstagram;
		};
/* End PBXContainerItemProxy section */

/* Begin PBXFileReference section */
		2E9C96832AB88C515D4ABC50 /* Pods_Parstagram.framework */ = {isa = PBXFileReference; explicitFileType = wrapper.framework; includeInIndex = 0; path = Pods_Parstagram.framework; sourceTree = BUILT_PRODUCTS_DIR; };
		37D2421E38E23362F6FA3D5F /* Pods-Parstagram.release.xcconfig */ = {isa = PBXFileReference; includeInIndex = 1; lastKnownFileType = text.xcconfig; name = "Pods-Parstagram.release.xcconfig"; path = "Pods/Target Support Files/Pods-Parstagram/Pods-Parstagram.release.xcconfig"; sourceTree = "<group>"; };
		3A97F90AB7E52B100D899D49 /* Pods_ParstagramTests.framework */ = {isa = PBXFileReference; explicitFileType = wrapper.framework; includeInIndex = 0; path = Pods_ParstagramTests.framework; sourceTree = BUILT_PRODUCTS_DIR; };
		7B5A72697439B409E36BD7FB /* Pods-Parstagram.debug.xcconfig */ = {isa = PBXFileReference; includeInIndex = 1; lastKnownFileType = text.xcconfig; name = "Pods-Parstagram.debug.xcconfig"; path = "Pods/Target Support Files/Pods-Parstagram/Pods-Parstagram.debug.xcconfig"; sourceTree = "<group>"; };
		963D6FBACB977239326BA0FE /* Pods-ParstagramTests.release.xcconfig */ = {isa = PBXFileReference; includeInIndex = 1; lastKnownFileType = text.xcconfig; name = "Pods-ParstagramTests.release.xcconfig"; path = "Pods/Target Support Files/Pods-ParstagramTests/Pods-ParstagramTests.release.xcconfig"; sourceTree = "<group>"; };
		A042E169404A00D54F05AB0B /* Pods-ParstagramUITests.release.xcconfig */ = {isa = PBXFileReference; includeInIndex = 1; lastKnownFileType = text.xcconfig; name = "Pods-ParstagramUITests.release.xcconfig"; path = "Pods/Target Support Files/Pods-ParstagramUITests/Pods-ParstagramUITests.release.xcconfig"; sourceTree = "<group>"; };
		B74D3D7FFBB0067BE7A46808 /* Pods-ParstagramUITests.debug.xcconfig */ = {isa = PBXFileReference; includeInIndex = 1; lastKnownFileType = text.xcconfig; name = "Pods-ParstagramUITests.debug.xcconfig"; path = "Pods/Target Support Files/Pods-ParstagramUITests/Pods-ParstagramUITests.debug.xcconfig"; sourceTree = "<group>"; };
		D36B8E66A2A204C04A649FB6 /* Pods-ParstagramTests.debug.xcconfig */ = {isa = PBXFileReference; includeInIndex = 1; lastKnownFileType = text.xcconfig; name = "Pods-ParstagramTests.debug.xcconfig"; path = "Pods/Target Support Files/Pods-ParstagramTests/Pods-ParstagramTests.debug.xcconfig"; sourceTree = "<group>"; };
		ED1CFDB9E4230F26DC5BE141 /* Pods_ParstagramUITests.framework */ = {isa = PBXFileReference; explicitFileType = wrapper.framework; includeInIndex = 0; path = Pods_ParstagramUITests.framework; sourceTree = BUILT_PRODUCTS_DIR; };
		ED85637D221BF04B0051C92A /* Parstagram.app */ = {isa = PBXFileReference; explicitFileType = wrapper.application; includeInIndex = 0; path = Parstagram.app; sourceTree = BUILT_PRODUCTS_DIR; };
		ED856380221BF04B0051C92A /* AppDelegate.swift */ = {isa = PBXFileReference; lastKnownFileType = sourcecode.swift; path = AppDelegate.swift; sourceTree = "<group>"; };
		ED856385221BF04B0051C92A /* Base */ = {isa = PBXFileReference; lastKnownFileType = file.storyboard; name = Base; path = Base.lproj/Main.storyboard; sourceTree = "<group>"; };
		ED856387221BF04D0051C92A /* Assets.xcassets */ = {isa = PBXFileReference; lastKnownFileType = folder.assetcatalog; path = Assets.xcassets; sourceTree = "<group>"; };
		ED85638A221BF04D0051C92A /* Base */ = {isa = PBXFileReference; lastKnownFileType = file.storyboard; name = Base; path = Base.lproj/LaunchScreen.storyboard; sourceTree = "<group>"; };
		ED85638C221BF04D0051C92A /* Info.plist */ = {isa = PBXFileReference; lastKnownFileType = text.plist.xml; path = Info.plist; sourceTree = "<group>"; };
		ED856391221BF04D0051C92A /* ParstagramTests.xctest */ = {isa = PBXFileReference; explicitFileType = wrapper.cfbundle; includeInIndex = 0; path = ParstagramTests.xctest; sourceTree = BUILT_PRODUCTS_DIR; };
		ED856395221BF04D0051C92A /* ParstagramTests.swift */ = {isa = PBXFileReference; lastKnownFileType = sourcecode.swift; path = ParstagramTests.swift; sourceTree = "<group>"; };
		ED856397221BF04D0051C92A /* Info.plist */ = {isa = PBXFileReference; lastKnownFileType = text.plist.xml; path = Info.plist; sourceTree = "<group>"; };
		ED85639C221BF04D0051C92A /* ParstagramUITests.xctest */ = {isa = PBXFileReference; explicitFileType = wrapper.cfbundle; includeInIndex = 0; path = ParstagramUITests.xctest; sourceTree = BUILT_PRODUCTS_DIR; };
		ED8563A0221BF04D0051C92A /* ParstagramUITests.swift */ = {isa = PBXFileReference; lastKnownFileType = sourcecode.swift; path = ParstagramUITests.swift; sourceTree = "<group>"; };
		ED8563A2221BF04D0051C92A /* Info.plist */ = {isa = PBXFileReference; lastKnownFileType = text.plist.xml; path = Info.plist; sourceTree = "<group>"; };
		ED8563AE2224A5E30051C92A /* LoginViewController.swift */ = {isa = PBXFileReference; lastKnownFileType = sourcecode.swift; path = LoginViewController.swift; sourceTree = "<group>"; };
		ED8563B02224A5FC0051C92A /* FeedViewController.swift */ = {isa = PBXFileReference; lastKnownFileType = sourcecode.swift; path = FeedViewController.swift; sourceTree = "<group>"; };
		ED8563B22224B75A0051C92A /* CameraViewController.swift */ = {isa = PBXFileReference; lastKnownFileType = sourcecode.swift; path = CameraViewController.swift; sourceTree = "<group>"; };
		ED8563B522250A5D0051C92A /* PostCell.swift */ = {isa = PBXFileReference; lastKnownFileType = sourcecode.swift; path = PostCell.swift; sourceTree = "<group>"; };
/* End PBXFileReference section */

/* Begin PBXFrameworksBuildPhase section */
		ED85637A221BF04B0051C92A /* Frameworks */ = {
			isa = PBXFrameworksBuildPhase;
			buildActionMask = 2147483647;
			files = (
				DCCE4CFD29E7464BC780FEB4 /* Pods_Parstagram.framework in Frameworks */,
			);
			runOnlyForDeploymentPostprocessing = 0;
		};
		ED85638E221BF04D0051C92A /* Frameworks */ = {
			isa = PBXFrameworksBuildPhase;
			buildActionMask = 2147483647;
			files = (
				DB706BCB234E6C321BA0B3C0 /* Pods_ParstagramTests.framework in Frameworks */,
			);
			runOnlyForDeploymentPostprocessing = 0;
		};
		ED856399221BF04D0051C92A /* Frameworks */ = {
			isa = PBXFrameworksBuildPhase;
			buildActionMask = 2147483647;
			files = (
				C21AD7D10A803F73A2520293 /* Pods_ParstagramUITests.framework in Frameworks */,
			);
			runOnlyForDeploymentPostprocessing = 0;
		};
/* End PBXFrameworksBuildPhase section */

/* Begin PBXGroup section */
		BEA7DD611AA6113CFD22B2FC /* Frameworks */ = {
			isa = PBXGroup;
			children = (
				2E9C96832AB88C515D4ABC50 /* Pods_Parstagram.framework */,
				3A97F90AB7E52B100D899D49 /* Pods_ParstagramTests.framework */,
				ED1CFDB9E4230F26DC5BE141 /* Pods_ParstagramUITests.framework */,
			);
			name = Frameworks;
			sourceTree = "<group>";
		};
		C35C9710D12C4CF6006BBF7C /* Pods */ = {
			isa = PBXGroup;
			children = (
				7B5A72697439B409E36BD7FB /* Pods-Parstagram.debug.xcconfig */,
				37D2421E38E23362F6FA3D5F /* Pods-Parstagram.release.xcconfig */,
				D36B8E66A2A204C04A649FB6 /* Pods-ParstagramTests.debug.xcconfig */,
				963D6FBACB977239326BA0FE /* Pods-ParstagramTests.release.xcconfig */,
				B74D3D7FFBB0067BE7A46808 /* Pods-ParstagramUITests.debug.xcconfig */,
				A042E169404A00D54F05AB0B /* Pods-ParstagramUITests.release.xcconfig */,
			);
			name = Pods;
			sourceTree = "<group>";
		};
		ED856374221BF04B0051C92A = {
			isa = PBXGroup;
			children = (
				ED85637F221BF04B0051C92A /* Parstagram */,
				ED856394221BF04D0051C92A /* ParstagramTests */,
				ED85639F221BF04D0051C92A /* ParstagramUITests */,
				ED85637E221BF04B0051C92A /* Products */,
				C35C9710D12C4CF6006BBF7C /* Pods */,
				BEA7DD611AA6113CFD22B2FC /* Frameworks */,
			);
			sourceTree = "<group>";
		};
		ED85637E221BF04B0051C92A /* Products */ = {
			isa = PBXGroup;
			children = (
				ED85637D221BF04B0051C92A /* Parstagram.app */,
				ED856391221BF04D0051C92A /* ParstagramTests.xctest */,
				ED85639C221BF04D0051C92A /* ParstagramUITests.xctest */,
			);
			name = Products;
			sourceTree = "<group>";
		};
		ED85637F221BF04B0051C92A /* Parstagram */ = {
			isa = PBXGroup;
			children = (
				ED856380221BF04B0051C92A /* AppDelegate.swift */,
				ED856384221BF04B0051C92A /* Main.storyboard */,
				ED856387221BF04D0051C92A /* Assets.xcassets */,
				ED856389221BF04D0051C92A /* LaunchScreen.storyboard */,
				ED85638C221BF04D0051C92A /* Info.plist */,
				ED8563AE2224A5E30051C92A /* LoginViewController.swift */,
				ED8563B02224A5FC0051C92A /* FeedViewController.swift */,
				ED8563B22224B75A0051C92A /* CameraViewController.swift */,
				ED8563B522250A5D0051C92A /* PostCell.swift */,
			);
			path = Parstagram;
			sourceTree = "<group>";
		};
		ED856394221BF04D0051C92A /* ParstagramTests */ = {
			isa = PBXGroup;
			children = (
				ED856395221BF04D0051C92A /* ParstagramTests.swift */,
				ED856397221BF04D0051C92A /* Info.plist */,
			);
			path = ParstagramTests;
			sourceTree = "<group>";
		};
		ED85639F221BF04D0051C92A /* ParstagramUITests */ = {
			isa = PBXGroup;
			children = (
				ED8563A0221BF04D0051C92A /* ParstagramUITests.swift */,
				ED8563A2221BF04D0051C92A /* Info.plist */,
			);
			path = ParstagramUITests;
			sourceTree = "<group>";
		};
/* End PBXGroup section */

/* Begin PBXNativeTarget section */
		ED85637C221BF04B0051C92A /* Parstagram */ = {
			isa = PBXNativeTarget;
			buildConfigurationList = ED8563A5221BF04D0051C92A /* Build configuration list for PBXNativeTarget "Parstagram" */;
			buildPhases = (
				BC123A453F8A817786DEF00E /* [CP] Check Pods Manifest.lock */,
				ED856379221BF04B0051C92A /* Sources */,
				ED85637A221BF04B0051C92A /* Frameworks */,
				ED85637B221BF04B0051C92A /* Resources */,
				AD50544B804A35326DFFAD0E /* [CP] Embed Pods Frameworks */,
			);
			buildRules = (
			);
			dependencies = (
			);
			name = Parstagram;
			productName = Parstagram;
			productReference = ED85637D221BF04B0051C92A /* Parstagram.app */;
			productType = "com.apple.product-type.application";
		};
		ED856390221BF04D0051C92A /* ParstagramTests */ = {
			isa = PBXNativeTarget;
			buildConfigurationList = ED8563A8221BF04D0051C92A /* Build configuration list for PBXNativeTarget "ParstagramTests" */;
			buildPhases = (
				3CD84E5953C1EDF1EE53EA18 /* [CP] Check Pods Manifest.lock */,
				ED85638D221BF04D0051C92A /* Sources */,
				ED85638E221BF04D0051C92A /* Frameworks */,
				ED85638F221BF04D0051C92A /* Resources */,
			);
			buildRules = (
			);
			dependencies = (
				ED856393221BF04D0051C92A /* PBXTargetDependency */,
			);
			name = ParstagramTests;
			productName = ParstagramTests;
			productReference = ED856391221BF04D0051C92A /* ParstagramTests.xctest */;
			productType = "com.apple.product-type.bundle.unit-test";
		};
		ED85639B221BF04D0051C92A /* ParstagramUITests */ = {
			isa = PBXNativeTarget;
			buildConfigurationList = ED8563AB221BF04D0051C92A /* Build configuration list for PBXNativeTarget "ParstagramUITests" */;
			buildPhases = (
				4C744EE81D23E6ABE9BDD924 /* [CP] Check Pods Manifest.lock */,
				ED856398221BF04D0051C92A /* Sources */,
				ED856399221BF04D0051C92A /* Frameworks */,
				ED85639A221BF04D0051C92A /* Resources */,
			);
			buildRules = (
			);
			dependencies = (
				ED85639E221BF04D0051C92A /* PBXTargetDependency */,
			);
			name = ParstagramUITests;
			productName = ParstagramUITests;
			productReference = ED85639C221BF04D0051C92A /* ParstagramUITests.xctest */;
			productType = "com.apple.product-type.bundle.ui-testing";
		};
/* End PBXNativeTarget section */

/* Begin PBXProject section */
		ED856375221BF04B0051C92A /* Project object */ = {
			isa = PBXProject;
			attributes = {
				LastSwiftUpdateCheck = 1010;
				LastUpgradeCheck = 1010;
				ORGANIZATIONNAME = israelj;
				TargetAttributes = {
					ED85637C221BF04B0051C92A = {
						CreatedOnToolsVersion = 10.1;
					};
					ED856390221BF04D0051C92A = {
						CreatedOnToolsVersion = 10.1;
						TestTargetID = ED85637C221BF04B0051C92A;
					};
					ED85639B221BF04D0051C92A = {
						CreatedOnToolsVersion = 10.1;
						TestTargetID = ED85637C221BF04B0051C92A;
					};
				};
			};
			buildConfigurationList = ED856378221BF04B0051C92A /* Build configuration list for PBXProject "Parstagram" */;
			compatibilityVersion = "Xcode 9.3";
			developmentRegion = en;
			hasScannedForEncodings = 0;
			knownRegions = (
				en,
				Base,
			);
			mainGroup = ED856374221BF04B0051C92A;
			productRefGroup = ED85637E221BF04B0051C92A /* Products */;
			projectDirPath = "";
			projectRoot = "";
			targets = (
				ED85637C221BF04B0051C92A /* Parstagram */,
				ED856390221BF04D0051C92A /* ParstagramTests */,
				ED85639B221BF04D0051C92A /* ParstagramUITests */,
			);
		};
/* End PBXProject section */

/* Begin PBXResourcesBuildPhase section */
		ED85637B221BF04B0051C92A /* Resources */ = {
			isa = PBXResourcesBuildPhase;
			buildActionMask = 2147483647;
			files = (
				ED85638B221BF04D0051C92A /* LaunchScreen.storyboard in Resources */,
				ED856388221BF04D0051C92A /* Assets.xcassets in Resources */,
				ED856386221BF04B0051C92A /* Main.storyboard in Resources */,
			);
			runOnlyForDeploymentPostprocessing = 0;
		};
		ED85638F221BF04D0051C92A /* Resources */ = {
			isa = PBXResourcesBuildPhase;
			buildActionMask = 2147483647;
			files = (
			);
			runOnlyForDeploymentPostprocessing = 0;
		};
		ED85639A221BF04D0051C92A /* Resources */ = {
			isa = PBXResourcesBuildPhase;
			buildActionMask = 2147483647;
			files = (
			);
			runOnlyForDeploymentPostprocessing = 0;
		};
/* End PBXResourcesBuildPhase section */

/* Begin PBXShellScriptBuildPhase section */
		3CD84E5953C1EDF1EE53EA18 /* [CP] Check Pods Manifest.lock */ = {
			isa = PBXShellScriptBuildPhase;
			buildActionMask = 2147483647;
			files = (
			);
			inputFileListPaths = (
			);
			inputPaths = (
				"${PODS_PODFILE_DIR_PATH}/Podfile.lock",
				"${PODS_ROOT}/Manifest.lock",
			);
			name = "[CP] Check Pods Manifest.lock";
			outputFileListPaths = (
			);
			outputPaths = (
				"$(DERIVED_FILE_DIR)/Pods-ParstagramTests-checkManifestLockResult.txt",
			);
			runOnlyForDeploymentPostprocessing = 0;
			shellPath = /bin/sh;
			shellScript = "diff \"${PODS_PODFILE_DIR_PATH}/Podfile.lock\" \"${PODS_ROOT}/Manifest.lock\" > /dev/null\nif [ $? != 0 ] ; then\n    # print error to STDERR\n    echo \"error: The sandbox is not in sync with the Podfile.lock. Run 'pod install' or update your CocoaPods installation.\" >&2\n    exit 1\nfi\n# This output is used by Xcode 'outputs' to avoid re-running this script phase.\necho \"SUCCESS\" > \"${SCRIPT_OUTPUT_FILE_0}\"\n";
			showEnvVarsInLog = 0;
		};
		4C744EE81D23E6ABE9BDD924 /* [CP] Check Pods Manifest.lock */ = {
			isa = PBXShellScriptBuildPhase;
			buildActionMask = 2147483647;
			files = (
			);
			inputFileListPaths = (
			);
			inputPaths = (
				"${PODS_PODFILE_DIR_PATH}/Podfile.lock",
				"${PODS_ROOT}/Manifest.lock",
			);
			name = "[CP] Check Pods Manifest.lock";
			outputFileListPaths = (
			);
			outputPaths = (
				"$(DERIVED_FILE_DIR)/Pods-ParstagramUITests-checkManifestLockResult.txt",
			);
			runOnlyForDeploymentPostprocessing = 0;
			shellPath = /bin/sh;
			shellScript = "diff \"${PODS_PODFILE_DIR_PATH}/Podfile.lock\" \"${PODS_ROOT}/Manifest.lock\" > /dev/null\nif [ $? != 0 ] ; then\n    # print error to STDERR\n    echo \"error: The sandbox is not in sync with the Podfile.lock. Run 'pod install' or update your CocoaPods installation.\" >&2\n    exit 1\nfi\n# This output is used by Xcode 'outputs' to avoid re-running this script phase.\necho \"SUCCESS\" > \"${SCRIPT_OUTPUT_FILE_0}\"\n";
			showEnvVarsInLog = 0;
		};
		AD50544B804A35326DFFAD0E /* [CP] Embed Pods Frameworks */ = {
			isa = PBXShellScriptBuildPhase;
			buildActionMask = 2147483647;
			files = (
			);
			inputFileListPaths = (
			);
			inputPaths = (
				"${SRCROOT}/Pods/Target Support Files/Pods-Parstagram/Pods-Parstagram-frameworks.sh",
				"${BUILT_PRODUCTS_DIR}/Alamofire/Alamofire.framework",
				"${BUILT_PRODUCTS_DIR}/AlamofireImage/AlamofireImage.framework",
				"${BUILT_PRODUCTS_DIR}/Bolts/Bolts.framework",
				"${BUILT_PRODUCTS_DIR}/Parse/Parse.framework",
			);
			name = "[CP] Embed Pods Frameworks";
			outputFileListPaths = (
			);
			outputPaths = (
				"${TARGET_BUILD_DIR}/${FRAMEWORKS_FOLDER_PATH}/Alamofire.framework",
				"${TARGET_BUILD_DIR}/${FRAMEWORKS_FOLDER_PATH}/AlamofireImage.framework",
				"${TARGET_BUILD_DIR}/${FRAMEWORKS_FOLDER_PATH}/Bolts.framework",
				"${TARGET_BUILD_DIR}/${FRAMEWORKS_FOLDER_PATH}/Parse.framework",
			);
			runOnlyForDeploymentPostprocessing = 0;
			shellPath = /bin/sh;
			shellScript = "\"${SRCROOT}/Pods/Target Support Files/Pods-Parstagram/Pods-Parstagram-frameworks.sh\"\n";
			showEnvVarsInLog = 0;
		};
		BC123A453F8A817786DEF00E /* [CP] Check Pods Manifest.lock */ = {
			isa = PBXShellScriptBuildPhase;
			buildActionMask = 2147483647;
			files = (
			);
			inputFileListPaths = (
			);
			inputPaths = (
				"${PODS_PODFILE_DIR_PATH}/Podfile.lock",
				"${PODS_ROOT}/Manifest.lock",
			);
			name = "[CP] Check Pods Manifest.lock";
			outputFileListPaths = (
			);
			outputPaths = (
				"$(DERIVED_FILE_DIR)/Pods-Parstagram-checkManifestLockResult.txt",
			);
			runOnlyForDeploymentPostprocessing = 0;
			shellPath = /bin/sh;
			shellScript = "diff \"${PODS_PODFILE_DIR_PATH}/Podfile.lock\" \"${PODS_ROOT}/Manifest.lock\" > /dev/null\nif [ $? != 0 ] ; then\n    # print error to STDERR\n    echo \"error: The sandbox is not in sync with the Podfile.lock. Run 'pod install' or update your CocoaPods installation.\" >&2\n    exit 1\nfi\n# This output is used by Xcode 'outputs' to avoid re-running this script phase.\necho \"SUCCESS\" > \"${SCRIPT_OUTPUT_FILE_0}\"\n";
			showEnvVarsInLog = 0;
		};
/* End PBXShellScriptBuildPhase section */

/* Begin PBXSourcesBuildPhase section */
		ED856379221BF04B0051C92A /* Sources */ = {
			isa = PBXSourcesBuildPhase;
			buildActionMask = 2147483647;
			files = (
				ED8563AF2224A5E30051C92A /* LoginViewController.swift in Sources */,
				ED8563B32224B75A0051C92A /* CameraViewController.swift in Sources */,
				ED8563B12224A5FC0051C92A /* FeedViewController.swift in Sources */,
				ED856381221BF04B0051C92A /* AppDelegate.swift in Sources */,
				ED8563B622250A5D0051C92A /* PostCell.swift in Sources */,
			);
			runOnlyForDeploymentPostprocessing = 0;
		};
		ED85638D221BF04D0051C92A /* Sources */ = {
			isa = PBXSourcesBuildPhase;
			buildActionMask = 2147483647;
			files = (
				ED856396221BF04D0051C92A /* ParstagramTests.swift in Sources */,
			);
			runOnlyForDeploymentPostprocessing = 0;
		};
		ED856398221BF04D0051C92A /* Sources */ = {
			isa = PBXSourcesBuildPhase;
			buildActionMask = 2147483647;
			files = (
				ED8563A1221BF04D0051C92A /* ParstagramUITests.swift in Sources */,
			);
			runOnlyForDeploymentPostprocessing = 0;
		};
/* End PBXSourcesBuildPhase section */

/* Begin PBXTargetDependency section */
		ED856393221BF04D0051C92A /* PBXTargetDependency */ = {
			isa = PBXTargetDependency;
			target = ED85637C221BF04B0051C92A /* Parstagram */;
			targetProxy = ED856392221BF04D0051C92A /* PBXContainerItemProxy */;
		};
		ED85639E221BF04D0051C92A /* PBXTargetDependency */ = {
			isa = PBXTargetDependency;
			target = ED85637C221BF04B0051C92A /* Parstagram */;
			targetProxy = ED85639D221BF04D0051C92A /* PBXContainerItemProxy */;
		};
/* End PBXTargetDependency section */

/* Begin PBXVariantGroup section */
		ED856384221BF04B0051C92A /* Main.storyboard */ = {
			isa = PBXVariantGroup;
			children = (
				ED856385221BF04B0051C92A /* Base */,
			);
			name = Main.storyboard;
			sourceTree = "<group>";
		};
		ED856389221BF04D0051C92A /* LaunchScreen.storyboard */ = {
			isa = PBXVariantGroup;
			children = (
				ED85638A221BF04D0051C92A /* Base */,
			);
			name = LaunchScreen.storyboard;
			sourceTree = "<group>";
		};
/* End PBXVariantGroup section */

/* Begin XCBuildConfiguration section */
		ED8563A3221BF04D0051C92A /* Debug */ = {
			isa = XCBuildConfiguration;
			buildSettings = {
				ALWAYS_SEARCH_USER_PATHS = NO;
				CLANG_ANALYZER_NONNULL = YES;
				CLANG_ANALYZER_NUMBER_OBJECT_CONVERSION = YES_AGGRESSIVE;
				CLANG_CXX_LANGUAGE_STANDARD = "gnu++14";
				CLANG_CXX_LIBRARY = "libc++";
				CLANG_ENABLE_MODULES = YES;
				CLANG_ENABLE_OBJC_ARC = YES;
				CLANG_ENABLE_OBJC_WEAK = YES;
				CLANG_WARN_BLOCK_CAPTURE_AUTORELEASING = YES;
				CLANG_WARN_BOOL_CONVERSION = YES;
				CLANG_WARN_COMMA = YES;
				CLANG_WARN_CONSTANT_CONVERSION = YES;
				CLANG_WARN_DEPRECATED_OBJC_IMPLEMENTATIONS = YES;
				CLANG_WARN_DIRECT_OBJC_ISA_USAGE = YES_ERROR;
				CLANG_WARN_DOCUMENTATION_COMMENTS = YES;
				CLANG_WARN_EMPTY_BODY = YES;
				CLANG_WARN_ENUM_CONVERSION = YES;
				CLANG_WARN_INFINITE_RECURSION = YES;
				CLANG_WARN_INT_CONVERSION = YES;
				CLANG_WARN_NON_LITERAL_NULL_CONVERSION = YES;
				CLANG_WARN_OBJC_IMPLICIT_RETAIN_SELF = YES;
				CLANG_WARN_OBJC_LITERAL_CONVERSION = YES;
				CLANG_WARN_OBJC_ROOT_CLASS = YES_ERROR;
				CLANG_WARN_RANGE_LOOP_ANALYSIS = YES;
				CLANG_WARN_STRICT_PROTOTYPES = YES;
				CLANG_WARN_SUSPICIOUS_MOVE = YES;
				CLANG_WARN_UNGUARDED_AVAILABILITY = YES_AGGRESSIVE;
				CLANG_WARN_UNREACHABLE_CODE = YES;
				CLANG_WARN__DUPLICATE_METHOD_MATCH = YES;
				CODE_SIGN_IDENTITY = "iPhone Developer";
				COPY_PHASE_STRIP = NO;
				DEBUG_INFORMATION_FORMAT = dwarf;
				ENABLE_STRICT_OBJC_MSGSEND = YES;
				ENABLE_TESTABILITY = YES;
				GCC_C_LANGUAGE_STANDARD = gnu11;
				GCC_DYNAMIC_NO_PIC = NO;
				GCC_NO_COMMON_BLOCKS = YES;
				GCC_OPTIMIZATION_LEVEL = 0;
				GCC_PREPROCESSOR_DEFINITIONS = (
					"DEBUG=1",
					"$(inherited)",
				);
				GCC_WARN_64_TO_32_BIT_CONVERSION = YES;
				GCC_WARN_ABOUT_RETURN_TYPE = YES_ERROR;
				GCC_WARN_UNDECLARED_SELECTOR = YES;
				GCC_WARN_UNINITIALIZED_AUTOS = YES_AGGRESSIVE;
				GCC_WARN_UNUSED_FUNCTION = YES;
				GCC_WARN_UNUSED_VARIABLE = YES;
				IPHONEOS_DEPLOYMENT_TARGET = 12.1;
				MTL_ENABLE_DEBUG_INFO = INCLUDE_SOURCE;
				MTL_FAST_MATH = YES;
				ONLY_ACTIVE_ARCH = YES;
				SDKROOT = iphoneos;
				SWIFT_ACTIVE_COMPILATION_CONDITIONS = DEBUG;
				SWIFT_OPTIMIZATION_LEVEL = "-Onone";
			};
			name = Debug;
		};
		ED8563A4221BF04D0051C92A /* Release */ = {
			isa = XCBuildConfiguration;
			buildSettings = {
				ALWAYS_SEARCH_USER_PATHS = NO;
				CLANG_ANALYZER_NONNULL = YES;
				CLANG_ANALYZER_NUMBER_OBJECT_CONVERSION = YES_AGGRESSIVE;
				CLANG_CXX_LANGUAGE_STANDARD = "gnu++14";
				CLANG_CXX_LIBRARY = "libc++";
				CLANG_ENABLE_MODULES = YES;
				CLANG_ENABLE_OBJC_ARC = YES;
				CLANG_ENABLE_OBJC_WEAK = YES;
				CLANG_WARN_BLOCK_CAPTURE_AUTORELEASING = YES;
				CLANG_WARN_BOOL_CONVERSION = YES;
				CLANG_WARN_COMMA = YES;
				CLANG_WARN_CONSTANT_CONVERSION = YES;
				CLANG_WARN_DEPRECATED_OBJC_IMPLEMENTATIONS = YES;
				CLANG_WARN_DIRECT_OBJC_ISA_USAGE = YES_ERROR;
				CLANG_WARN_DOCUMENTATION_COMMENTS = YES;
				CLANG_WARN_EMPTY_BODY = YES;
				CLANG_WARN_ENUM_CONVERSION = YES;
				CLANG_WARN_INFINITE_RECURSION = YES;
				CLANG_WARN_INT_CONVERSION = YES;
				CLANG_WARN_NON_LITERAL_NULL_CONVERSION = YES;
				CLANG_WARN_OBJC_IMPLICIT_RETAIN_SELF = YES;
				CLANG_WARN_OBJC_LITERAL_CONVERSION = YES;
				CLANG_WARN_OBJC_ROOT_CLASS = YES_ERROR;
				CLANG_WARN_RANGE_LOOP_ANALYSIS = YES;
				CLANG_WARN_STRICT_PROTOTYPES = YES;
				CLANG_WARN_SUSPICIOUS_MOVE = YES;
				CLANG_WARN_UNGUARDED_AVAILABILITY = YES_AGGRESSIVE;
				CLANG_WARN_UNREACHABLE_CODE = YES;
				CLANG_WARN__DUPLICATE_METHOD_MATCH = YES;
				CODE_SIGN_IDENTITY = "iPhone Developer";
				COPY_PHASE_STRIP = NO;
				DEBUG_INFORMATION_FORMAT = "dwarf-with-dsym";
				ENABLE_NS_ASSERTIONS = NO;
				ENABLE_STRICT_OBJC_MSGSEND = YES;
				GCC_C_LANGUAGE_STANDARD = gnu11;
				GCC_NO_COMMON_BLOCKS = YES;
				GCC_WARN_64_TO_32_BIT_CONVERSION = YES;
				GCC_WARN_ABOUT_RETURN_TYPE = YES_ERROR;
				GCC_WARN_UNDECLARED_SELECTOR = YES;
				GCC_WARN_UNINITIALIZED_AUTOS = YES_AGGRESSIVE;
				GCC_WARN_UNUSED_FUNCTION = YES;
				GCC_WARN_UNUSED_VARIABLE = YES;
				IPHONEOS_DEPLOYMENT_TARGET = 12.1;
				MTL_ENABLE_DEBUG_INFO = NO;
				MTL_FAST_MATH = YES;
				SDKROOT = iphoneos;
				SWIFT_COMPILATION_MODE = wholemodule;
				SWIFT_OPTIMIZATION_LEVEL = "-O";
				VALIDATE_PRODUCT = YES;
			};
			name = Release;
		};
		ED8563A6221BF04D0051C92A /* Debug */ = {
			isa = XCBuildConfiguration;
			baseConfigurationReference = 7B5A72697439B409E36BD7FB /* Pods-Parstagram.debug.xcconfig */;
			buildSettings = {
				ASSETCATALOG_COMPILER_APPICON_NAME = AppIcon;
				CODE_SIGN_STYLE = Automatic;
				INFOPLIST_FILE = Parstagram/Info.plist;
				LD_RUNPATH_SEARCH_PATHS = (
					"$(inherited)",
					"@executable_path/Frameworks",
				);
				PRODUCT_BUNDLE_IDENTIFIER = gfds.Parstagram;
				PRODUCT_NAME = "$(TARGET_NAME)";
				SWIFT_VERSION = 4.2;
				TARGETED_DEVICE_FAMILY = "1,2";
			};
			name = Debug;
		};
		ED8563A7221BF04D0051C92A /* Release */ = {
			isa = XCBuildConfiguration;
			baseConfigurationReference = 37D2421E38E23362F6FA3D5F /* Pods-Parstagram.release.xcconfig */;
			buildSettings = {
				ASSETCATALOG_COMPILER_APPICON_NAME = AppIcon;
				CODE_SIGN_STYLE = Automatic;
				INFOPLIST_FILE = Parstagram/Info.plist;
				LD_RUNPATH_SEARCH_PATHS = (
					"$(inherited)",
					"@executable_path/Frameworks",
				);
				PRODUCT_BUNDLE_IDENTIFIER = gfds.Parstagram;
				PRODUCT_NAME = "$(TARGET_NAME)";
				SWIFT_VERSION = 4.2;
				TARGETED_DEVICE_FAMILY = "1,2";
			};
			name = Release;
		};
		ED8563A9221BF04D0051C92A /* Debug */ = {
			isa = XCBuildConfiguration;
			baseConfigurationReference = D36B8E66A2A204C04A649FB6 /* Pods-ParstagramTests.debug.xcconfig */;
			buildSettings = {
				ALWAYS_EMBED_SWIFT_STANDARD_LIBRARIES = YES;
				BUNDLE_LOADER = "$(TEST_HOST)";
				CODE_SIGN_STYLE = Automatic;
				INFOPLIST_FILE = ParstagramTests/Info.plist;
				LD_RUNPATH_SEARCH_PATHS = (
					"$(inherited)",
					"@executable_path/Frameworks",
					"@loader_path/Frameworks",
				);
				PRODUCT_BUNDLE_IDENTIFIER = gfds.ParstagramTests;
				PRODUCT_NAME = "$(TARGET_NAME)";
				SWIFT_VERSION = 4.2;
				TARGETED_DEVICE_FAMILY = "1,2";
				TEST_HOST = "$(BUILT_PRODUCTS_DIR)/Parstagram.app/Parstagram";
			};
			name = Debug;
		};
		ED8563AA221BF04D0051C92A /* Release */ = {
			isa = XCBuildConfiguration;
			baseConfigurationReference = 963D6FBACB977239326BA0FE /* Pods-ParstagramTests.release.xcconfig */;
			buildSettings = {
				ALWAYS_EMBED_SWIFT_STANDARD_LIBRARIES = YES;
				BUNDLE_LOADER = "$(TEST_HOST)";
				CODE_SIGN_STYLE = Automatic;
				INFOPLIST_FILE = ParstagramTests/Info.plist;
				LD_RUNPATH_SEARCH_PATHS = (
					"$(inherited)",
					"@executable_path/Frameworks",
					"@loader_path/Frameworks",
				);
				PRODUCT_BUNDLE_IDENTIFIER = gfds.ParstagramTests;
				PRODUCT_NAME = "$(TARGET_NAME)";
				SWIFT_VERSION = 4.2;
				TARGETED_DEVICE_FAMILY = "1,2";
				TEST_HOST = "$(BUILT_PRODUCTS_DIR)/Parstagram.app/Parstagram";
			};
			name = Release;
		};
		ED8563AC221BF04D0051C92A /* Debug */ = {
			isa = XCBuildConfiguration;
			baseConfigurationReference = B74D3D7FFBB0067BE7A46808 /* Pods-ParstagramUITests.debug.xcconfig */;
			buildSettings = {
				ALWAYS_EMBED_SWIFT_STANDARD_LIBRARIES = YES;
				CODE_SIGN_STYLE = Automatic;
				INFOPLIST_FILE = ParstagramUITests/Info.plist;
				LD_RUNPATH_SEARCH_PATHS = (
					"$(inherited)",
					"@executable_path/Frameworks",
					"@loader_path/Frameworks",
				);
				PRODUCT_BUNDLE_IDENTIFIER = gfds.ParstagramUITests;
				PRODUCT_NAME = "$(TARGET_NAME)";
				SWIFT_VERSION = 4.2;
				TARGETED_DEVICE_FAMILY = "1,2";
				TEST_TARGET_NAME = Parstagram;
			};
			name = Debug;
		};
		ED8563AD221BF04D0051C92A /* Release */ = {
			isa = XCBuildConfiguration;
			baseConfigurationReference = A042E169404A00D54F05AB0B /* Pods-ParstagramUITests.release.xcconfig */;
			buildSettings = {
				ALWAYS_EMBED_SWIFT_STANDARD_LIBRARIES = YES;
				CODE_SIGN_STYLE = Automatic;
				INFOPLIST_FILE = ParstagramUITests/Info.plist;
				LD_RUNPATH_SEARCH_PATHS = (
					"$(inherited)",
					"@executable_path/Frameworks",
					"@loader_path/Frameworks",
				);
				PRODUCT_BUNDLE_IDENTIFIER = gfds.ParstagramUITests;
				PRODUCT_NAME = "$(TARGET_NAME)";
				SWIFT_VERSION = 4.2;
				TARGETED_DEVICE_FAMILY = "1,2";
				TEST_TARGET_NAME = Parstagram;
			};
			name = Release;
		};
/* End XCBuildConfiguration section */

/* Begin XCConfigurationList section */
		ED856378221BF04B0051C92A /* Build configuration list for PBXProject "Parstagram" */ = {
			isa = XCConfigurationList;
			buildConfigurations = (
				ED8563A3221BF04D0051C92A /* Debug */,
				ED8563A4221BF04D0051C92A /* Release */,
			);
			defaultConfigurationIsVisible = 0;
			defaultConfigurationName = Release;
		};
		ED8563A5221BF04D0051C92A /* Build configuration list for PBXNativeTarget "Parstagram" */ = {
			isa = XCConfigurationList;
			buildConfigurations = (
				ED8563A6221BF04D0051C92A /* Debug */,
				ED8563A7221BF04D0051C92A /* Release */,
			);
			defaultConfigurationIsVisible = 0;
			defaultConfigurationName = Release;
		};
		ED8563A8221BF04D0051C92A /* Build configuration list for PBXNativeTarget "ParstagramTests" */ = {
			isa = XCConfigurationList;
			buildConfigurations = (
				ED8563A9221BF04D0051C92A /* Debug */,
				ED8563AA221BF04D0051C92A /* Release */,
			);
			defaultConfigurationIsVisible = 0;
			defaultConfigurationName = Release;
		};
		ED8563AB221BF04D0051C92A /* Build configuration list for PBXNativeTarget "ParstagramUITests" */ = {
			isa = XCConfigurationList;
			buildConfigurations = (
				ED8563AC221BF04D0051C92A /* Debug */,
				ED8563AD221BF04D0051C92A /* Release */,
			);
			defaultConfigurationIsVisible = 0;
			defaultConfigurationName = Release;
		};
/* End XCConfigurationList section */
	};
	rootObject = ED856375221BF04B0051C92A /* Project object */;
}
